
Microsoft Visual Studio Solution File, Format Version 12.00
# Visual Studio 15
VisualStudioVersion = 15.0.27703.2018
MinimumVisualStudioVersion = 10.0.40219.1
Project("{8BC9CEB8-8B4A-11D0-8D11-00A0C91BC942}") = "little-engine", "little-engine\little-engine.vcxproj", "{C7F7BC38-53F3-47C6-AB24-9E78D2A838A9}"
EndProject
Project("{8BC9CEB8-8B4A-11D0-8D11-00A0C91BC942}") = "windows-pa", "windows-pa\windows-pa.vcxproj", "{B7D060A4-8A3C-4A55-98C7-0C8500455758}"
EndProject
Project("{8BC9CEB8-8B4A-11D0-8D11-00A0C91BC942}") = "demo", "demo\demo.vcxproj", "{8FFA785A-5447-445D-B81D-F5D9649D657C}"
EndProject
Global
	GlobalSection(SolutionConfigurationPlatforms) = preSolution
		Debug|x64 = Debug|x64
		Debug|x86 = Debug|x86
		Release|x64 = Release|x64
		Release|x86 = Release|x86
	EndGlobalSection
	GlobalSection(ProjectConfigurationPlatforms) = postSolution
		{C7F7BC38-53F3-47C6-AB24-9E78D2A838A9}.Debug|x64.ActiveCfg = Debug|x64
		{C7F7BC38-53F3-47C6-AB24-9E78D2A838A9}.Debug|x64.Build.0 = Debug|x64
		{C7F7BC38-53F3-47C6-AB24-9E78D2A838A9}.Debug|x86.ActiveCfg = Debug|Win32
		{C7F7BC38-53F3-47C6-AB24-9E78D2A838A9}.Debug|x86.Build.0 = Debug|Win32
		{C7F7BC38-53F3-47C6-AB24-9E78D2A838A9}.Release|x64.ActiveCfg = Release|x64
		{C7F7BC38-53F3-47C6-AB24-9E78D2A838A9}.Release|x64.Build.0 = Release|x64
		{C7F7BC38-53F3-47C6-AB24-9E78D2A838A9}.Release|x86.ActiveCfg = Release|Win32
		{C7F7BC38-53F3-47C6-AB24-9E78D2A838A9}.Release|x86.Build.0 = Release|Win32
		{B7D060A4-8A3C-4A55-98C7-0C8500455758}.Debug|x64.ActiveCfg = Debug|x64
		{B7D060A4-8A3C-4A55-98C7-0C8500455758}.Debug|x64.Build.0 = Debug|x64
		{B7D060A4-8A3C-4A55-98C7-0C8500455758}.Debug|x86.ActiveCfg = Debug|Win32
		{B7D060A4-8A3C-4A55-98C7-0C8500455758}.Debug|x86.Build.0 = Debug|Win32
		{B7D060A4-8A3C-4A55-98C7-0C8500455758}.Release|x64.ActiveCfg = Release|x64
		{B7D060A4-8A3C-4A55-98C7-0C8500455758}.Release|x64.Build.0 = Release|x64
		{B7D060A4-8A3C-4A55-98C7-0C8500455758}.Release|x86.ActiveCfg = Release|Win32
		{B7D060A4-8A3C-4A55-98C7-0C8500455758}.Release|x86.Build.0 = Release|Win32
		{8FFA785A-5447-445D-B81D-F5D9649D657C}.Debug|x64.ActiveCfg = Debug|x64
		{8FFA785A-5447-445D-B81D-F5D9649D657C}.Debug|x64.Build.0 = Debug|x64
		{8FFA785A-5447-445D-B81D-F5D9649D657C}.Debug|x86.ActiveCfg = Debug|Win32
		{8FFA785A-5447-445D-B81D-F5D9649D657C}.Debug|x86.Build.0 = Debug|Win32
		{8FFA785A-5447-445D-B81D-F5D9649D657C}.Release|x64.ActiveCfg = Release|x64
		{8FFA785A-5447-445D-B81D-F5D9649D657C}.Release|x64.Build.0 = Release|x64
		{8FFA785A-5447-445D-B81D-F5D9649D657C}.Release|x86.ActiveCfg = Release|Win32
		{8FFA785A-5447-445D-B81D-F5D9649D657C}.Release|x86.Build.0 = Release|Win32
	EndGlobalSection
	GlobalSection(SolutionProperties) = preSolution
		HideSolutionNode = FALSE
	EndGlobalSection
	GlobalSection(ExtensibilityGlobals) = postSolution
		SolutionGuid = {2A061D34-859E-443D-944A-C51FA268BB03}
	EndGlobalSection
EndGlobal
